# THIS IS AN AUTOGENERATED FILE. DO NOT EDIT THIS FILE DIRECTLY.
# yarn lockfile v1


commander@~2.12.1:
  version "2.12.2"
  resolved "https://registry.yarnpkg.com/commander/-/commander-2.12.2.tgz#0f5946c427ed9ec0d91a46bb9def53e54650e555"

rollup@^0.53.1:
  version "0.53.1"
  resolved "https://registry.yarnpkg.com/rollup/-/rollup-0.53.1.tgz#58c3a43c8375385b3f92f0dc36fb4e9dbe872542"

source-map@~0.6.1:
  version "0.6.1"
  resolved "https://registry.yarnpkg.com/source-map/-/source-map-0.6.1.tgz#74722af32e9614e9c287a8d0bbde48b5e2f1a263"

uglify-es@^3.3.2:
  version "3.3.2"
  resolved "https://registry.yarnpkg.com/uglify-es/-/uglify-es-3.3.2.tgz#2401df8be2a433314523753f28810793a40c5462"
  dependencies:
    commander "~2.12.1"
    source-map "~0.6.1"

"vs_utils@https://github.com/dthevenin/Util.git":
  version "1.0.0"
  resolved "https://github.com/dthevenin/Util.git#eae4da0ead58118d1444e8fc8ec6a7f108e65300"
